
﻿
Microsoft Visual Studio Solution File, Format Version 12.00
# Visual Studio Version 16
VisualStudioVersion = 16.0.29926.136
MinimumVisualStudioVersion = 10.0.40219.1
Project("{FAE04EC0-301F-11D3-BF4B-00C04F79EFBC}") = "RockPaperScissors", "RockPaperScissors.csproj", "{A2691C8B-CC8A-433B-BE4D-B62F1D830658}"
EndProject
Global
	GlobalSection(SolutionConfigurationPlatforms) = preSolution
		Debug|Any CPU = Debug|Any CPU
		Release|Any CPU = Release|Any CPU
	EndGlobalSection
	GlobalSection(ProjectConfigurationPlatforms) = postSolution
		{A2691C8B-CC8A-433B-BE4D-B62F1D830658}.Debug|Any CPU.ActiveCfg = Debug|Any CPU
		{A2691C8B-CC8A-433B-BE4D-B62F1D830658}.Debug|Any CPU.Build.0 = Debug|Any CPU
		{A2691C8B-CC8A-433B-BE4D-B62F1D830658}.Release|Any CPU.ActiveCfg = Release|Any CPU
		{A2691C8B-CC8A-433B-BE4D-B62F1D830658}.Release|Any CPU.Build.0 = Release|Any CPU
	EndGlobalSection
	GlobalSection(SolutionProperties) = preSolution
		HideSolutionNode = FALSE
	EndGlobalSection
	GlobalSection(ExtensibilityGlobals) = postSolution
		SolutionGuid = {1796E6A0-C302-4A94-9474-4810E21B5D62}
	EndGlobalSection
EndGlobal